
Microsoft Visual Studio Solution File, Format Version 12.00
# Visual Studio Version 17
VisualStudioVersion = 17.5.33530.505
MinimumVisualStudioVersion = 10.0.40219.1
Project("{FAE04EC0-301F-11D3-BF4B-00C04F79EFBC}") = "WebApplication-BookHub", "WebApplication-BookHub\WebApplication-BookHub.csproj", "{193309AC-487E-4D46-A9FC-7376B2345836}"
EndProject
Global
	GlobalSection(SolutionConfigurationPlatforms) = preSolution
		Debug|Any CPU = Debug|Any CPU
		Release|Any CPU = Release|Any CPU
	EndGlobalSection
	GlobalSection(ProjectConfigurationPlatforms) = postSolution
		{193309AC-487E-4D46-A9FC-7376B2345836}.Debug|Any CPU.ActiveCfg = Debug|Any CPU
		{193309AC-487E-4D46-A9FC-7376B2345836}.Debug|Any CPU.Build.0 = Debug|Any CPU
		{193309AC-487E-4D46-A9FC-7376B2345836}.Release|Any CPU.ActiveCfg = Release|Any CPU
		{193309AC-487E-4D46-A9FC-7376B2345836}.Release|Any CPU.Build.0 = Release|Any CPU
	EndGlobalSection
	GlobalSection(SolutionProperties) = preSolution
		HideSolutionNode = FALSE
	EndGlobalSection
	GlobalSection(ExtensibilityGlobals) = postSolution
		SolutionGuid = {8BF69F1B-FA3B-464B-BADC-6220200BA96F}
	EndGlobalSection
EndGlobal
